
Microsoft Visual Studio Solution File, Format Version 12.00
# Visual Studio Version 17
VisualStudioVersion = 17.4.33403.182
MinimumVisualStudioVersion = 10.0.40219.1
Project("{9A19103F-16F7-4668-BE54-9A1E7A4F7556}") = "IntroIdentityJWT", "IntroIdentityJWT\IntroIdentityJWT.csproj", "{52BF71D4-B451-4C27-9B9B-D9F2CF6E951E}"
EndProject
Project("{FAE04EC0-301F-11D3-BF4B-00C04F79EFBC}") = "MvcClient", "MvcClient\MvcClient.csproj", "{00D003DA-A49B-4AA2-941C-5B2FEB178417}"
EndProject
Global
	GlobalSection(SolutionConfigurationPlatforms) = preSolution
		Debug|Any CPU = Debug|Any CPU
		Release|Any CPU = Release|Any CPU
	EndGlobalSection
	GlobalSection(ProjectConfigurationPlatforms) = postSolution
		{52BF71D4-B451-4C27-9B9B-D9F2CF6E951E}.Debug|Any CPU.ActiveCfg = Debug|Any CPU
		{52BF71D4-B451-4C27-9B9B-D9F2CF6E951E}.Debug|Any CPU.Build.0 = Debug|Any CPU
		{52BF71D4-B451-4C27-9B9B-D9F2CF6E951E}.Release|Any CPU.ActiveCfg = Release|Any CPU
		{52BF71D4-B451-4C27-9B9B-D9F2CF6E951E}.Release|Any CPU.Build.0 = Release|Any CPU
		{00D003DA-A49B-4AA2-941C-5B2FEB178417}.Debug|Any CPU.ActiveCfg = Debug|Any CPU
		{00D003DA-A49B-4AA2-941C-5B2FEB178417}.Debug|Any CPU.Build.0 = Debug|Any CPU
		{00D003DA-A49B-4AA2-941C-5B2FEB178417}.Release|Any CPU.ActiveCfg = Release|Any CPU
		{00D003DA-A49B-4AA2-941C-5B2FEB178417}.Release|Any CPU.Build.0 = Release|Any CPU
	EndGlobalSection
	GlobalSection(SolutionProperties) = preSolution
		HideSolutionNode = FALSE
	EndGlobalSection
	GlobalSection(ExtensibilityGlobals) = postSolution
		SolutionGuid = {445F1D1D-19FD-4217-B423-D12929B17D19}
	EndGlobalSection
EndGlobal
